
Microsoft Visual Studio Solution File, Format Version 12.00
# Visual Studio Version 16
VisualStudioVersion = 16.0.29215.179
MinimumVisualStudioVersion = 10.0.40219.1
Project("{9A19103F-16F7-4668-BE54-9A1E7A4F7556}") = "Server", "Server\Server.csproj", "{351776B7-819B-4F26-B219-22B5CBD73BAA}"
EndProject
Project("{9A19103F-16F7-4668-BE54-9A1E7A4F7556}") = "Server23", "Server23\Server23.csproj", "{EAE23C0C-F588-4D31-B8D2-29DBFC0DE87B}"
EndProject
Project("{FAE04EC0-301F-11D3-BF4B-00C04F79EFBC}") = "Server31", "Server31\Server31.csproj", "{305F5C3C-A122-4F50-A6E4-AF613E288E4E}"
EndProject
Global
	GlobalSection(SolutionConfigurationPlatforms) = preSolution
		Debug|Any CPU = Debug|Any CPU
		Release|Any CPU = Release|Any CPU
	EndGlobalSection
	GlobalSection(ProjectConfigurationPlatforms) = postSolution
		{351776B7-819B-4F26-B219-22B5CBD73BAA}.Debug|Any CPU.ActiveCfg = Debug|Any CPU
		{351776B7-819B-4F26-B219-22B5CBD73BAA}.Debug|Any CPU.Build.0 = Debug|Any CPU
		{351776B7-819B-4F26-B219-22B5CBD73BAA}.Release|Any CPU.ActiveCfg = Release|Any CPU
		{351776B7-819B-4F26-B219-22B5CBD73BAA}.Release|Any CPU.Build.0 = Release|Any CPU
		{EAE23C0C-F588-4D31-B8D2-29DBFC0DE87B}.Debug|Any CPU.ActiveCfg = Debug|Any CPU
		{EAE23C0C-F588-4D31-B8D2-29DBFC0DE87B}.Debug|Any CPU.Build.0 = Debug|Any CPU
		{EAE23C0C-F588-4D31-B8D2-29DBFC0DE87B}.Release|Any CPU.ActiveCfg = Release|Any CPU
		{EAE23C0C-F588-4D31-B8D2-29DBFC0DE87B}.Release|Any CPU.Build.0 = Release|Any CPU
		{305F5C3C-A122-4F50-A6E4-AF613E288E4E}.Debug|Any CPU.ActiveCfg = Debug|Any CPU
		{305F5C3C-A122-4F50-A6E4-AF613E288E4E}.Debug|Any CPU.Build.0 = Debug|Any CPU
		{305F5C3C-A122-4F50-A6E4-AF613E288E4E}.Release|Any CPU.ActiveCfg = Release|Any CPU
		{305F5C3C-A122-4F50-A6E4-AF613E288E4E}.Release|Any CPU.Build.0 = Release|Any CPU
	EndGlobalSection
	GlobalSection(SolutionProperties) = preSolution
		HideSolutionNode = FALSE
	EndGlobalSection
	GlobalSection(ExtensibilityGlobals) = postSolution
		SolutionGuid = {533722EB-CB95-499F-A110-5BA3D6BBEB4F}
	EndGlobalSection
EndGlobal
